// !$*UTF8*$!
{
	archiveVersion = 1;
	classes = {
	};
	objectVersion = 50;
	objects = {

/* Begin PBXBuildFile section */
		58FFC19126CAC3680070C543 /* AppDelegate.swift in Sources */ = {isa = PBXBuildFile; fileRef = 58FFC19026CAC3680070C543 /* AppDelegate.swift */; };
		58FFC19326CAC3680070C543 /* SceneDelegate.swift in Sources */ = {isa = PBXBuildFile; fileRef = 58FFC19226CAC3680070C543 /* SceneDelegate.swift */; };
		58FFC19526CAC3680070C543 /* ViewController.swift in Sources */ = {isa = PBXBuildFile; fileRef = 58FFC19426CAC3680070C543 /* ViewController.swift */; };
		58FFC19826CAC3680070C543 /* Main.storyboard in Resources */ = {isa = PBXBuildFile; fileRef = 58FFC19626CAC3680070C543 /* Main.storyboard */; };
		58FFC19A26CAC36B0070C543 /* Assets.xcassets in Resources */ = {isa = PBXBuildFile; fileRef = 58FFC19926CAC36B0070C543 /* Assets.xcassets */; };
		58FFC19D26CAC36B0070C543 /* LaunchScreen.storyboard in Resources */ = {isa = PBXBuildFile; fileRef = 58FFC19B26CAC36B0070C543 /* LaunchScreen.storyboard */; };
		58FFC1A826CAC36B0070C543 /* HelloWorldTests.swift in Sources */ = {isa = PBXBuildFile; fileRef = 58FFC1A726CAC36B0070C543 /* HelloWorldTests.swift */; };
		58FFC1B326CAC36B0070C543 /* HelloWorldUITests.swift in Sources */ = {isa = PBXBuildFile; fileRef = 58FFC1B226CAC36B0070C543 /* HelloWorldUITests.swift */; };
/* End PBXBuildFile section */

/* Begin PBXContainerItemProxy section */
		58FFC1A426CAC36B0070C543 /* PBXContainerItemProxy */ = {
			isa = PBXContainerItemProxy;
			containerPortal = 58FFC18526CAC3680070C543 /* Project object */;
			proxyType = 1;
			remoteGlobalIDString = 58FFC18C26CAC3680070C543;
			remoteInfo = HelloWorld;
		};
		58FFC1AF26CAC36B0070C543 /* PBXContainerItemProxy */ = {
			isa = PBXContainerItemProxy;
			containerPortal = 58FFC18526CAC3680070C543 /* Project object */;
			proxyType = 1;
			remoteGlobalIDString = 58FFC18C26CAC3680070C543;
			remoteInfo = HelloWorld;
		};
/* End PBXContainerItemProxy section */

/* Begin PBXFileReference section */
		58FFC18D26CAC3680070C543 /* HelloWorld.app */ = {isa = PBXFileReference; explicitFileType = wrapper.application; includeInIndex = 0; path = HelloWorld.app; sourceTree = BUILT_PRODUCTS_DIR; };
		58FFC19026CAC3680070C543 /* AppDelegate.swift */ = {isa = PBXFileReference; lastKnownFileType = sourcecode.swift; path = AppDelegate.swift; sourceTree = "<group>"; };
		58FFC19226CAC3680070C543 /* SceneDelegate.swift */ = {isa = PBXFileReference; lastKnownFileType = sourcecode.swift; path = SceneDelegate.swift; sourceTree = "<group>"; };
		58FFC19426CAC3680070C543 /* ViewController.swift */ = {isa = PBXFileReference; lastKnownFileType = sourcecode.swift; path = ViewController.swift; sourceTree = "<group>"; };
		58FFC19726CAC3680070C543 /* Base */ = {isa = PBXFileReference; lastKnownFileType = file.storyboard; name = Base; path = Base.lproj/Main.storyboard; sourceTree = "<group>"; };
		58FFC19926CAC36B0070C543 /* Assets.xcassets */ = {isa = PBXFileReference; lastKnownFileType = folder.assetcatalog; path = Assets.xcassets; sourceTree = "<group>"; };
		58FFC19C26CAC36B0070C543 /* Base */ = {isa = PBXFileReference; lastKnownFileType = file.storyboard; name = Base; path = Base.lproj/LaunchScreen.storyboard; sourceTree = "<group>"; };
		58FFC19E26CAC36B0070C543 /* Info.plist */ = {isa = PBXFileReference; lastKnownFileType = text.plist.xml; path = Info.plist; sourceTree = "<group>"; };
		58FFC1A326CAC36B0070C543 /* HelloWorldTests.xctest */ = {isa = PBXFileReference; explicitFileType = wrapper.cfbundle; includeInIndex = 0; path = HelloWorldTests.xctest; sourceTree = BUILT_PRODUCTS_DIR; };
		58FFC1A726CAC36B0070C543 /* HelloWorldTests.swift */ = {isa = PBXFileReference; lastKnownFileType = sourcecode.swift; path = HelloWorldTests.swift; sourceTree = "<group>"; };
		58FFC1A926CAC36B0070C543 /* Info.plist */ = {isa = PBXFileReference; lastKnownFileType = text.plist.xml; path = Info.plist; sourceTree = "<group>"; };
		58FFC1AE26CAC36B0070C543 /* HelloWorldUITests.xctest */ = {isa = PBXFileReference; explicitFileType = wrapper.cfbundle; includeInIndex = 0; path = HelloWorldUITests.xctest; sourceTree = BUILT_PRODUCTS_DIR; };
		58FFC1B226CAC36B0070C543 /* HelloWorldUITests.swift */ = {isa = PBXFileReference; lastKnownFileType = sourcecode.swift; path = HelloWorldUITests.swift; sourceTree = "<group>"; };
		58FFC1B426CAC36B0070C543 /* Info.plist */ = {isa = PBXFileReference; lastKnownFileType = text.plist.xml; path = Info.plist; sourceTree = "<group>"; };
/* End PBXFileReference section */

/* Begin PBXFrameworksBuildPhase section */
		58FFC18A26CAC3680070C543 /* Frameworks */ = {
			isa = PBXFrameworksBuildPhase;
			buildActionMask = 2147483647;
			files = (
			);
			runOnlyForDeploymentPostprocessing = 0;
		};
		58FFC1A026CAC36B0070C543 /* Frameworks */ = {
			isa = PBXFrameworksBuildPhase;
			buildActionMask = 2147483647;
			files = (
			);
			runOnlyForDeploymentPostprocessing = 0;
		};
		58FFC1AB26CAC36B0070C543 /* Frameworks */ = {
			isa = PBXFrameworksBuildPhase;
			buildActionMask = 2147483647;
			files = (
			);
			runOnlyForDeploymentPostprocessing = 0;
		};
/* End PBXFrameworksBuildPhase section */

/* Begin PBXGroup section */
		58FFC18426CAC3680070C543 = {
			isa = PBXGroup;
			children = (
				58FFC18F26CAC3680070C543 /* HelloWorld */,
				58FFC1A626CAC36B0070C543 /* HelloWorldTests */,
				58FFC1B126CAC36B0070C543 /* HelloWorldUITests */,
				58FFC18E26CAC3680070C543 /* Products */,
			);
			sourceTree = "<group>";
		};
		58FFC18E26CAC3680070C543 /* Products */ = {
			isa = PBXGroup;
			children = (
				58FFC18D26CAC3680070C543 /* HelloWorld.app */,
				58FFC1A326CAC36B0070C543 /* HelloWorldTests.xctest */,
				58FFC1AE26CAC36B0070C543 /* HelloWorldUITests.xctest */,
			);
			name = Products;
			sourceTree = "<group>";
		};
		58FFC18F26CAC3680070C543 /* HelloWorld */ = {
			isa = PBXGroup;
			children = (
				58FFC19026CAC3680070C543 /* AppDelegate.swift */,
				58FFC19226CAC3680070C543 /* SceneDelegate.swift */,
				58FFC19426CAC3680070C543 /* ViewController.swift */,
				58FFC19626CAC3680070C543 /* Main.storyboard */,
				58FFC19926CAC36B0070C543 /* Assets.xcassets */,
				58FFC19B26CAC36B0070C543 /* LaunchScreen.storyboard */,
				58FFC19E26CAC36B0070C543 /* Info.plist */,
			);
			path = HelloWorld;
			sourceTree = "<group>";
		};
		58FFC1A626CAC36B0070C543 /* HelloWorldTests */ = {
			isa = PBXGroup;
			children = (
				58FFC1A726CAC36B0070C543 /* HelloWorldTests.swift */,
				58FFC1A926CAC36B0070C543 /* Info.plist */,
			);
			path = HelloWorldTests;
			sourceTree = "<group>";
		};
		58FFC1B126CAC36B0070C543 /* HelloWorldUITests */ = {
			isa = PBXGroup;
			children = (
				58FFC1B226CAC36B0070C543 /* HelloWorldUITests.swift */,
				58FFC1B426CAC36B0070C543 /* Info.plist */,
			);
			path = HelloWorldUITests;
			sourceTree = "<group>";
		};
/* End PBXGroup section */

/* Begin PBXNativeTarget section */
		58FFC18C26CAC3680070C543 /* HelloWorld */ = {
			isa = PBXNativeTarget;
			buildConfigurationList = 58FFC1B726CAC36B0070C543 /* Build configuration list for PBXNativeTarget "HelloWorld" */;
			buildPhases = (
				58FFC18926CAC3680070C543 /* Sources */,
				58FFC18A26CAC3680070C543 /* Frameworks */,
				58FFC18B26CAC3680070C543 /* Resources */,
			);
			buildRules = (
			);
			dependencies = (
			);
			name = HelloWorld;
			productName = HelloWorld;
			productReference = 58FFC18D26CAC3680070C543 /* HelloWorld.app */;
			productType = "com.apple.product-type.application";
		};
		58FFC1A226CAC36B0070C543 /* HelloWorldTests */ = {
			isa = PBXNativeTarget;
			buildConfigurationList = 58FFC1BA26CAC36B0070C543 /* Build configuration list for PBXNativeTarget "HelloWorldTests" */;
			buildPhases = (
				58FFC19F26CAC36B0070C543 /* Sources */,
				58FFC1A026CAC36B0070C543 /* Frameworks */,
				58FFC1A126CAC36B0070C543 /* Resources */,
			);
			buildRules = (
			);
			dependencies = (
				58FFC1A526CAC36B0070C543 /* PBXTargetDependency */,
			);
			name = HelloWorldTests;
			productName = HelloWorldTests;
			productReference = 58FFC1A326CAC36B0070C543 /* HelloWorldTests.xctest */;
			productType = "com.apple.product-type.bundle.unit-test";
		};
		58FFC1AD26CAC36B0070C543 /* HelloWorldUITests */ = {
			isa = PBXNativeTarget;
			buildConfigurationList = 58FFC1BD26CAC36B0070C543 /* Build configuration list for PBXNativeTarget "HelloWorldUITests" */;
			buildPhases = (
				58FFC1AA26CAC36B0070C543 /* Sources */,
				58FFC1AB26CAC36B0070C543 /* Frameworks */,
				58FFC1AC26CAC36B0070C543 /* Resources */,
			);
			buildRules = (
			);
			dependencies = (
				58FFC1B026CAC36B0070C543 /* PBXTargetDependency */,
			);
			name = HelloWorldUITests;
			productName = HelloWorldUITests;
			productReference = 58FFC1AE26CAC36B0070C543 /* HelloWorldUITests.xctest */;
			productType = "com.apple.product-type.bundle.ui-testing";
		};
/* End PBXNativeTarget section */

/* Begin PBXProject section */
		58FFC18526CAC3680070C543 /* Project object */ = {
			isa = PBXProject;
			attributes = {
				LastSwiftUpdateCheck = 1250;
				LastUpgradeCheck = 1250;
				TargetAttributes = {
					58FFC18C26CAC3680070C543 = {
						CreatedOnToolsVersion = 12.5.1;
					};
					58FFC1A226CAC36B0070C543 = {
						CreatedOnToolsVersion = 12.5.1;
						TestTargetID = 58FFC18C26CAC3680070C543;
					};
					58FFC1AD26CAC36B0070C543 = {
						CreatedOnToolsVersion = 12.5.1;
						TestTargetID = 58FFC18C26CAC3680070C543;
					};
				};
			};
			buildConfigurationList = 58FFC18826CAC3680070C543 /* Build configuration list for PBXProject "HelloWorld" */;
			compatibilityVersion = "Xcode 9.3";
			developmentRegion = en;
			hasScannedForEncodings = 0;
			knownRegions = (
				en,
				Base,
			);
			mainGroup = 58FFC18426CAC3680070C543;
			productRefGroup = 58FFC18E26CAC3680070C543 /* Products */;
			projectDirPath = "";
			projectRoot = "";
			targets = (
				58FFC18C26CAC3680070C543 /* HelloWorld */,
				58FFC1A226CAC36B0070C543 /* HelloWorldTests */,
				58FFC1AD26CAC36B0070C543 /* HelloWorldUITests */,
			);
		};
/* End PBXProject section */

/* Begin PBXResourcesBuildPhase section */
		58FFC18B26CAC3680070C543 /* Resources */ = {
			isa = PBXResourcesBuildPhase;
			buildActionMask = 2147483647;
			files = (
				58FFC19D26CAC36B0070C543 /* LaunchScreen.storyboard in Resources */,
				58FFC19A26CAC36B0070C543 /* Assets.xcassets in Resources */,
				58FFC19826CAC3680070C543 /* Main.storyboard in Resources */,
			);
			runOnlyForDeploymentPostprocessing = 0;
		};
		58FFC1A126CAC36B0070C543 /* Resources */ = {
			isa = PBXResourcesBuildPhase;
			buildActionMask = 2147483647;
			files = (
			);
			runOnlyForDeploymentPostprocessing = 0;
		};
		58FFC1AC26CAC36B0070C543 /* Resources */ = {
			isa = PBXResourcesBuildPhase;
			buildActionMask = 2147483647;
			files = (
			);
			runOnlyForDeploymentPostprocessing = 0;
		};
/* End PBXResourcesBuildPhase section */

/* Begin PBXSourcesBuildPhase section */
		58FFC18926CAC3680070C543 /* Sources */ = {
			isa = PBXSourcesBuildPhase;
			buildActionMask = 2147483647;
			files = (
				58FFC19526CAC3680070C543 /* ViewController.swift in Sources */,
				58FFC19126CAC3680070C543 /* AppDelegate.swift in Sources */,
				58FFC19326CAC3680070C543 /* SceneDelegate.swift in Sources */,
			);
			runOnlyForDeploymentPostprocessing = 0;
		};
		58FFC19F26CAC36B0070C543 /* Sources */ = {
			isa = PBXSourcesBuildPhase;
			buildActionMask = 2147483647;
			files = (
				58FFC1A826CAC36B0070C543 /* HelloWorldTests.swift in Sources */,
			);
			runOnlyForDeploymentPostprocessing = 0;
		};
		58FFC1AA26CAC36B0070C543 /* Sources */ = {
			isa = PBXSourcesBuildPhase;
			buildActionMask = 2147483647;
			files = (
				58FFC1B326CAC36B0070C543 /* HelloWorldUITests.swift in Sources */,
			);
			runOnlyForDeploymentPostprocessing = 0;
		};
/* End PBXSourcesBuildPhase section */

/* Begin PBXTargetDependency section */
		58FFC1A526CAC36B0070C543 /* PBXTargetDependency */ = {
			isa = PBXTargetDependency;
			target = 58FFC18C26CAC3680070C543 /* HelloWorld */;
			targetProxy = 58FFC1A426CAC36B0070C543 /* PBXContainerItemProxy */;
		};
		58FFC1B026CAC36B0070C543 /* PBXTargetDependency */ = {
			isa = PBXTargetDependency;
			target = 58FFC18C26CAC3680070C543 /* HelloWorld */;
			targetProxy = 58FFC1AF26CAC36B0070C543 /* PBXContainerItemProxy */;
		};
/* End PBXTargetDependency section */

/* Begin PBXVariantGroup section */
		58FFC19626CAC3680070C543 /* Main.storyboard */ = {
			isa = PBXVariantGroup;
			children = (
				58FFC19726CAC3680070C543 /* Base */,
			);
			name = Main.storyboard;
			sourceTree = "<group>";
		};
		58FFC19B26CAC36B0070C543 /* LaunchScreen.storyboard */ = {
			isa = PBXVariantGroup;
			children = (
				58FFC19C26CAC36B0070C543 /* Base */,
			);
			name = LaunchScreen.storyboard;
			sourceTree = "<group>";
		};
/* End PBXVariantGroup section */

/* Begin XCBuildConfiguration section */
		58FFC1B526CAC36B0070C543 /* Debug */ = {
			isa = XCBuildConfiguration;
			buildSettings = {
				ALWAYS_SEARCH_USER_PATHS = NO;
				CLANG_ANALYZER_NONNULL = YES;
				CLANG_ANALYZER_NUMBER_OBJECT_CONVERSION = YES_AGGRESSIVE;
				CLANG_CXX_LANGUAGE_STANDARD = "gnu++14";
				CLANG_CXX_LIBRARY = "libc++";
				CLANG_ENABLE_MODULES = YES;
				CLANG_ENABLE_OBJC_ARC = YES;
				CLANG_ENABLE_OBJC_WEAK = YES;
				CLANG_WARN_BLOCK_CAPTURE_AUTORELEASING = YES;
				CLANG_WARN_BOOL_CONVERSION = YES;
				CLANG_WARN_COMMA = YES;
				CLANG_WARN_CONSTANT_CONVERSION = YES;
				CLANG_WARN_DEPRECATED_OBJC_IMPLEMENTATIONS = YES;
				CLANG_WARN_DIRECT_OBJC_ISA_USAGE = YES_ERROR;
				CLANG_WARN_DOCUMENTATION_COMMENTS = YES;
				CLANG_WARN_EMPTY_BODY = YES;
				CLANG_WARN_ENUM_CONVERSION = YES;
				CLANG_WARN_INFINITE_RECURSION = YES;
				CLANG_WARN_INT_CONVERSION = YES;
				CLANG_WARN_NON_LITERAL_NULL_CONVERSION = YES;
				CLANG_WARN_OBJC_IMPLICIT_RETAIN_SELF = YES;
				CLANG_WARN_OBJC_LITERAL_CONVERSION = YES;
				CLANG_WARN_OBJC_ROOT_CLASS = YES_ERROR;
				CLANG_WARN_QUOTED_INCLUDE_IN_FRAMEWORK_HEADER = YES;
				CLANG_WARN_RANGE_LOOP_ANALYSIS = YES;
				CLANG_WARN_STRICT_PROTOTYPES = YES;
				CLANG_WARN_SUSPICIOUS_MOVE = YES;
				CLANG_WARN_UNGUARDED_AVAILABILITY = YES_AGGRESSIVE;
				CLANG_WARN_UNREACHABLE_CODE = YES;
				CLANG_WARN__DUPLICATE_METHOD_MATCH = YES;
				COPY_PHASE_STRIP = NO;
				DEBUG_INFORMATION_FORMAT = dwarf;
				ENABLE_STRICT_OBJC_MSGSEND = YES;
				ENABLE_TESTABILITY = YES;
				GCC_C_LANGUAGE_STANDARD = gnu11;
				GCC_DYNAMIC_NO_PIC = NO;
				GCC_NO_COMMON_BLOCKS = YES;
				GCC_OPTIMIZATION_LEVEL = 0;
				GCC_PREPROCESSOR_DEFINITIONS = (
					"DEBUG=1",
					"$(inherited)",
				);
				GCC_WARN_64_TO_32_BIT_CONVERSION = YES;
				GCC_WARN_ABOUT_RETURN_TYPE = YES_ERROR;
				GCC_WARN_UNDECLARED_SELECTOR = YES;
				GCC_WARN_UNINITIALIZED_AUTOS = YES_AGGRESSIVE;
				GCC_WARN_UNUSED_FUNCTION = YES;
				GCC_WARN_UNUSED_VARIABLE = YES;
				IPHONEOS_DEPLOYMENT_TARGET = 14.5;
				MTL_ENABLE_DEBUG_INFO = INCLUDE_SOURCE;
				MTL_FAST_MATH = YES;
				ONLY_ACTIVE_ARCH = YES;
				SDKROOT = iphoneos;
				SWIFT_ACTIVE_COMPILATION_CONDITIONS = DEBUG;
				SWIFT_OPTIMIZATION_LEVEL = "-Onone";
			};
			name = Debug;
		};
		58FFC1B626CAC36B0070C543 /* Release */ = {
			isa = XCBuildConfiguration;
			buildSettings = {
				ALWAYS_SEARCH_USER_PATHS = NO;
				CLANG_ANALYZER_NONNULL = YES;
				CLANG_ANALYZER_NUMBER_OBJECT_CONVERSION = YES_AGGRESSIVE;
				CLANG_CXX_LANGUAGE_STANDARD = "gnu++14";
				CLANG_CXX_LIBRARY = "libc++";
				CLANG_ENABLE_MODULES = YES;
				CLANG_ENABLE_OBJC_ARC = YES;
				CLANG_ENABLE_OBJC_WEAK = YES;
				CLANG_WARN_BLOCK_CAPTURE_AUTORELEASING = YES;
				CLANG_WARN_BOOL_CONVERSION = YES;
				CLANG_WARN_COMMA = YES;
				CLANG_WARN_CONSTANT_CONVERSION = YES;
				CLANG_WARN_DEPRECATED_OBJC_IMPLEMENTATIONS = YES;
				CLANG_WARN_DIRECT_OBJC_ISA_USAGE = YES_ERROR;
				CLANG_WARN_DOCUMENTATION_COMMENTS = YES;
				CLANG_WARN_EMPTY_BODY = YES;
				CLANG_WARN_ENUM_CONVERSION = YES;
				CLANG_WARN_INFINITE_RECURSION = YES;
				CLANG_WARN_INT_CONVERSION = YES;
				CLANG_WARN_NON_LITERAL_NULL_CONVERSION = YES;
				CLANG_WARN_OBJC_IMPLICIT_RETAIN_SELF = YES;
				CLANG_WARN_OBJC_LITERAL_CONVERSION = YES;
				CLANG_WARN_OBJC_ROOT_CLASS = YES_ERROR;
				CLANG_WARN_QUOTED_INCLUDE_IN_FRAMEWORK_HEADER = YES;
				CLANG_WARN_RANGE_LOOP_ANALYSIS = YES;
				CLANG_WARN_STRICT_PROTOTYPES = YES;
				CLANG_WARN_SUSPICIOUS_MOVE = YES;
				CLANG_WARN_UNGUARDED_AVAILABILITY = YES_AGGRESSIVE;
				CLANG_WARN_UNREACHABLE_CODE = YES;
				CLANG_WARN__DUPLICATE_METHOD_MATCH = YES;
				COPY_PHASE_STRIP = NO;
				DEBUG_INFORMATION_FORMAT = "dwarf-with-dsym";
				ENABLE_NS_ASSERTIONS = NO;
				ENABLE_STRICT_OBJC_MSGSEND = YES;
				GCC_C_LANGUAGE_STANDARD = gnu11;
				GCC_NO_COMMON_BLOCKS = YES;
				GCC_WARN_64_TO_32_BIT_CONVERSION = YES;
				GCC_WARN_ABOUT_RETURN_TYPE = YES_ERROR;
				GCC_WARN_UNDECLARED_SELECTOR = YES;
				GCC_WARN_UNINITIALIZED_AUTOS = YES_AGGRESSIVE;
				GCC_WARN_UNUSED_FUNCTION = YES;
				GCC_WARN_UNUSED_VARIABLE = YES;
				IPHONEOS_DEPLOYMENT_TARGET = 14.5;
				MTL_ENABLE_DEBUG_INFO = NO;
				MTL_FAST_MATH = YES;
				SDKROOT = iphoneos;
				SWIFT_COMPILATION_MODE = wholemodule;
				SWIFT_OPTIMIZATION_LEVEL = "-O";
				VALIDATE_PRODUCT = YES;
			};
			name = Release;
		};
		58FFC1B826CAC36B0070C543 /* Debug */ = {
			isa = XCBuildConfiguration;
			buildSettings = {
				ASSETCATALOG_COMPILER_APPICON_NAME = AppIcon;
				ASSETCATALOG_COMPILER_GLOBAL_ACCENT_COLOR_NAME = AccentColor;
				CODE_SIGN_STYLE = Automatic;
				DEVELOPMENT_TEAM = 3JFRS5HA3K;
				INFOPLIST_FILE = HelloWorld/Info.plist;
				IPHONEOS_DEPLOYMENT_TARGET = 14.5;
				LD_RUNPATH_SEARCH_PATHS = (
					"$(inherited)",
					"@executable_path/Frameworks",
				);
				PRODUCT_BUNDLE_IDENTIFIER = shelcom.HelloWorld;
				PRODUCT_NAME = "$(TARGET_NAME)";
				SWIFT_VERSION = 5.0;
				TARGETED_DEVICE_FAMILY = 1;
			};
			name = Debug;
		};
		58FFC1B926CAC36B0070C543 /* Release */ = {
			isa = XCBuildConfiguration;
			buildSettings = {
				ASSETCATALOG_COMPILER_APPICON_NAME = AppIcon;
				ASSETCATALOG_COMPILER_GLOBAL_ACCENT_COLOR_NAME = AccentColor;
				CODE_SIGN_STYLE = Automatic;
				DEVELOPMENT_TEAM = 3JFRS5HA3K;
				INFOPLIST_FILE = HelloWorld/Info.plist;
				IPHONEOS_DEPLOYMENT_TARGET = 14.5;
				LD_RUNPATH_SEARCH_PATHS = (
					"$(inherited)",
					"@executable_path/Frameworks",
				);
				PRODUCT_BUNDLE_IDENTIFIER = shelcom.HelloWorld;
				PRODUCT_NAME = "$(TARGET_NAME)";
				SWIFT_VERSION = 5.0;
				TARGETED_DEVICE_FAMILY = 1;
			};
			name = Release;
		};
		58FFC1BB26CAC36B0070C543 /* Debug */ = {
			isa = XCBuildConfiguration;
			buildSettings = {
				ALWAYS_EMBED_SWIFT_STANDARD_LIBRARIES = YES;
				BUNDLE_LOADER = "$(TEST_HOST)";
				CODE_SIGN_STYLE = Automatic;
				DEVELOPMENT_TEAM = 3JFRS5HA3K;
				INFOPLIST_FILE = HelloWorldTests/Info.plist;
				IPHONEOS_DEPLOYMENT_TARGET = 14.5;
				LD_RUNPATH_SEARCH_PATHS = (
					"$(inherited)",
					"@executable_path/Frameworks",
					"@loader_path/Frameworks",
				);
				PRODUCT_BUNDLE_IDENTIFIER = shelcom.HelloWorldTests;
				PRODUCT_NAME = "$(TARGET_NAME)";
				SWIFT_VERSION = 5.0;
				TARGETED_DEVICE_FAMILY = "1,2";
				TEST_HOST = "$(BUILT_PRODUCTS_DIR)/HelloWorld.app/HelloWorld";
			};
			name = Debug;
		};
		58FFC1BC26CAC36B0070C543 /* Release */ = {
			isa = XCBuildConfiguration;
			buildSettings = {
				ALWAYS_EMBED_SWIFT_STANDARD_LIBRARIES = YES;
				BUNDLE_LOADER = "$(TEST_HOST)";
				CODE_SIGN_STYLE = Automatic;
				DEVELOPMENT_TEAM = 3JFRS5HA3K;
				INFOPLIST_FILE = HelloWorldTests/Info.plist;
				IPHONEOS_DEPLOYMENT_TARGET = 14.5;
				LD_RUNPATH_SEARCH_PATHS = (
					"$(inherited)",
					"@executable_path/Frameworks",
					"@loader_path/Frameworks",
				);
				PRODUCT_BUNDLE_IDENTIFIER = shelcom.HelloWorldTests;
				PRODUCT_NAME = "$(TARGET_NAME)";
				SWIFT_VERSION = 5.0;
				TARGETED_DEVICE_FAMILY = "1,2";
				TEST_HOST = "$(BUILT_PRODUCTS_DIR)/HelloWorld.app/HelloWorld";
			};
			name = Release;
		};
		58FFC1BE26CAC36B0070C543 /* Debug */ = {
			isa = XCBuildConfiguration;
			buildSettings = {
				ALWAYS_EMBED_SWIFT_STANDARD_LIBRARIES = YES;
				CODE_SIGN_STYLE = Automatic;
				DEVELOPMENT_TEAM = 3JFRS5HA3K;
				INFOPLIST_FILE = HelloWorldUITests/Info.plist;
				LD_RUNPATH_SEARCH_PATHS = (
					"$(inherited)",
					"@executable_path/Frameworks",
					"@loader_path/Frameworks",
				);
				PRODUCT_BUNDLE_IDENTIFIER = shelcom.HelloWorldUITests;
				PRODUCT_NAME = "$(TARGET_NAME)";
				SWIFT_VERSION = 5.0;
				TARGETED_DEVICE_FAMILY = "1,2";
				TEST_TARGET_NAME = HelloWorld;
			};
			name = Debug;
		};
		58FFC1BF26CAC36B0070C543 /* Release */ = {
			isa = XCBuildConfiguration;
			buildSettings = {
				ALWAYS_EMBED_SWIFT_STANDARD_LIBRARIES = YES;
				CODE_SIGN_STYLE = Automatic;
				DEVELOPMENT_TEAM = 3JFRS5HA3K;
				INFOPLIST_FILE = HelloWorldUITests/Info.plist;
				LD_RUNPATH_SEARCH_PATHS = (
					"$(inherited)",
					"@executable_path/Frameworks",
					"@loader_path/Frameworks",
				);
				PRODUCT_BUNDLE_IDENTIFIER = shelcom.HelloWorldUITests;
				PRODUCT_NAME = "$(TARGET_NAME)";
				SWIFT_VERSION = 5.0;
				TARGETED_DEVICE_FAMILY = "1,2";
				TEST_TARGET_NAME = HelloWorld;
			};
			name = Release;
		};
/* End XCBuildConfiguration section */

/* Begin XCConfigurationList section */
		58FFC18826CAC3680070C543 /* Build configuration list for PBXProject "HelloWorld" */ = {
			isa = XCConfigurationList;
			buildConfigurations = (
				58FFC1B526CAC36B0070C543 /* Debug */,
				58FFC1B626CAC36B0070C543 /* Release */,
			);
			defaultConfigurationIsVisible = 0;
			defaultConfigurationName = Release;
		};
		58FFC1B726CAC36B0070C543 /* Build configuration list for PBXNativeTarget "HelloWorld" */ = {
			isa = XCConfigurationList;
			buildConfigurations = (
				58FFC1B826CAC36B0070C543 /* Debug */,
				58FFC1B926CAC36B0070C543 /* Release */,
			);
			defaultConfigurationIsVisible = 0;
			defaultConfigurationName = Release;
		};
		58FFC1BA26CAC36B0070C543 /* Build configuration list for PBXNativeTarget "HelloWorldTests" */ = {
			isa = XCConfigurationList;
			buildConfigurations = (
				58FFC1BB26CAC36B0070C543 /* Debug */,
				58FFC1BC26CAC36B0070C543 /* Release */,
			);
			defaultConfigurationIsVisible = 0;
			defaultConfigurationName = Release;
		};
		58FFC1BD26CAC36B0070C543 /* Build configuration list for PBXNativeTarget "HelloWorldUITests" */ = {
			isa = XCConfigurationList;
			buildConfigurations = (
				58FFC1BE26CAC36B0070C543 /* Debug */,
				58FFC1BF26CAC36B0070C543 /* Release */,
			);
			defaultConfigurationIsVisible = 0;
			defaultConfigurationName = Release;
		};
/* End XCConfigurationList section */
	};
	rootObject = 58FFC18526CAC3680070C543 /* Project object */;
}
